{
  "name": "mk-landing-fixture",
  "version": "0.0.0",
  "lockfileVersion": 3,
  "requires": true,
  "packages": {
    "": {
      "name": "mk-landing-fixture",
      "version": "0.0.0",
      "optionalDependencies": {
        "@fixture/win32-only": "1.0.0"
      },
      "dependencies": {
        "fixture-vendored": "1.0.0"
      }
    },
    "node_modules/@fixture/win32-only": {
      "version": "1.0.0",
      "resolved": "https://registry.npmjs.org/@fixture/win32-only/-/win32-only-1.0.0.tgz",
      "integrity": "sha512-AAAAAAAAAAAAAAAAAAAAAAAAAAAAAAAAAAAAAAAAAAAAAAAAAAAAAAAAAAAAAAAAAAAAAAAAAAAAAAAAAAAAAA==",
      "optional": true,
      "os": [
        "win32"
      ],
      "cpu": [
        "x64"
      ]
    },
    "node_modules/fixture-vendored": {
      "version": "1.0.0",
      "resolved": "https://registry.npmjs.org/fixture-vendored/-/fixture-vendored-1.0.0.tgz",
      "integrity": "sha512-gjKjNlY8OTyV3SWCB65JJ5RUXrNDcthSuLrsxVksYxT40KfCd+HJQcjYnJFOoyBsjErkdC5tsGlT8uQ3kg+QeQ=="
    }
  }
}
